// !$*UTF8*$!
{
	archiveVersion = 1;
	classes = {
	};
	objectVersion = 77;
	objects = {

/* Begin PBXBuildFile section */
		08775D470C14BC34E0694625 /* CallNotesUITests.swift in Sources */ = {isa = PBXBuildFile; fileRef = 624088F21A750241B1274459 /* CallNotesUITests.swift */; };
		0B341478CAE95CB22954F7BB /* ReminderService.swift in Sources */ = {isa = PBXBuildFile; fileRef = 13CAEF903A26FF5C22AE576A /* ReminderService.swift */; };
		1787E389E1C7BCC32FEA91A1 /* AppSettings.swift in Sources */ = {isa = PBXBuildFile; fileRef = 143BB67516AF7674A4028026 /* AppSettings.swift */; };
		1D4C7AC281146033C6C7E2D3 /* OpenAIClient.swift in Sources */ = {isa = PBXBuildFile; fileRef = 920A1F50C415F7B8A4660D41 /* OpenAIClient.swift */; };
		2425C0EC0F5D541D7FE54ECB /* TranscriptionService.swift in Sources */ = {isa = PBXBuildFile; fileRef = 66AF9B61AD0D78928094EC59 /* TranscriptionService.swift */; };
		27B5C8AC3FB075CE4366B3BE /* BackgroundTaskService.swift in Sources */ = {isa = PBXBuildFile; fileRef = 879AE159A8967B8503283278 /* BackgroundTaskService.swift */; };
		3153F518A74DD4DD9A7C54B6 /* CallNotesIntents.swift in Sources */ = {isa = PBXBuildFile; fileRef = 8CFDD0DE320B395F65353F05 /* CallNotesIntents.swift */; };
		374CF474FD2B1D6530114AD2 /* AppSettings.swift in Sources */ = {isa = PBXBuildFile; fileRef = 143BB67516AF7674A4028026 /* AppSettings.swift */; };
		37B855527D2A401971F6C756 /* DependencyContainer.swift in Sources */ = {isa = PBXBuildFile; fileRef = E227CD0840E92E5F60EF03D4 /* DependencyContainer.swift */; };
		3A1E6F192D6CD354B667E9E7 /* Assets.xcassets in Resources */ = {isa = PBXBuildFile; fileRef = 5EB1C895E3E313EB83E95F45 /* Assets.xcassets */; };
		3EF48A60B2E24E6AA0CAB745 /* AudioCaptureService.swift in Sources */ = {isa = PBXBuildFile; fileRef = B7093C7207672EBAEBAF4BB9 /* AudioCaptureService.swift */; };
		422600D530525A734D43E1C8 /* OpenAIClient.swift in Sources */ = {isa = PBXBuildFile; fileRef = 920A1F50C415F7B8A4660D41 /* OpenAIClient.swift */; };
		4F0C432CE7B902FA0B4CEE28 /* AppIntents.framework in Frameworks */ = {isa = PBXBuildFile; fileRef = FA6275306474A71B72C25F78 /* AppIntents.framework */; };
		5B1EA10DBF2112321CE22497 /* AppViewModel.swift in Sources */ = {isa = PBXBuildFile; fileRef = 839CFA2D64C9B22A44FF04E8 /* AppViewModel.swift */; };
		5DE9317DA373A4D3D4DD6746 /* PersistenceService.swift in Sources */ = {isa = PBXBuildFile; fileRef = 68BF35A7BA1CAD2A52FD1B57 /* PersistenceService.swift */; };
		6439B1D6E5B3F68CDF2B9417 /* SettingsView.swift in Sources */ = {isa = PBXBuildFile; fileRef = 6702761E89F140AFD47DE50B /* SettingsView.swift */; };
		69AFFE93701C102BF9452343 /* ServiceProtocols.swift in Sources */ = {isa = PBXBuildFile; fileRef = 987F33590A7D259F6D67BE31 /* ServiceProtocols.swift */; };
		6E790FBE545EBB0AF5236C87 /* ActionItemExtractionService.swift in Sources */ = {isa = PBXBuildFile; fileRef = 7BAD59F3F6C360F946A29B59 /* ActionItemExtractionService.swift */; };
		720E885B41AC52115D935207 /* CompletionNotificationService.swift in Sources */ = {isa = PBXBuildFile; fileRef = 07EC97F4ADE08432CF25CB53 /* CompletionNotificationService.swift */; };
		7594B6F1AE9AF0840ABD465B /* AudioCaptureService.swift in Sources */ = {isa = PBXBuildFile; fileRef = B7093C7207672EBAEBAF4BB9 /* AudioCaptureService.swift */; };
		77EFBB77C3A110A73A840CD8 /* CallModels.swift in Sources */ = {isa = PBXBuildFile; fileRef = 7A5A194E4515E28564E62A21 /* CallModels.swift */; };
		789D31EECB13C1F1206E4D59 /* TranscriptionService.swift in Sources */ = {isa = PBXBuildFile; fileRef = 66AF9B61AD0D78928094EC59 /* TranscriptionService.swift */; };
		7ABCC4E33FD32B23DFE65F20 /* BackgroundTaskService.swift in Sources */ = {isa = PBXBuildFile; fileRef = 879AE159A8967B8503283278 /* BackgroundTaskService.swift */; };
		84DAE0895FD13D2EED9194E5 /* PersistenceService.swift in Sources */ = {isa = PBXBuildFile; fileRef = 68BF35A7BA1CAD2A52FD1B57 /* PersistenceService.swift */; };
		872810FEB79AC0689F43A5FE /* SummaryReviewView.swift in Sources */ = {isa = PBXBuildFile; fileRef = 14B465CD27B953198E440C57 /* SummaryReviewView.swift */; };
		88AFF61BA6EBA258B883A885 /* RecordHomeView.swift in Sources */ = {isa = PBXBuildFile; fileRef = DEF6926251D4B69E0360C968 /* RecordHomeView.swift */; };
		8F5D7C7539262658257A36A1 /* CallModels.swift in Sources */ = {isa = PBXBuildFile; fileRef = 7A5A194E4515E28564E62A21 /* CallModels.swift */; };
		950180F0D47027F732677DFD /* WidgetKit.framework in Frameworks */ = {isa = PBXBuildFile; fileRef = D656FB1DEFA01AEA16C75566 /* WidgetKit.framework */; };
		9821739DD4C351C4139E7E20 /* SwiftUI.framework in Frameworks */ = {isa = PBXBuildFile; fileRef = 51BE8966080EE63237E712F4 /* SwiftUI.framework */; };
		A806F709270FB461A8B1BE31 /* ActionItemExtractionService.swift in Sources */ = {isa = PBXBuildFile; fileRef = 7BAD59F3F6C360F946A29B59 /* ActionItemExtractionService.swift */; };
		AF5A906F2FBF94773BF38A8C /* TranscriptionMergeTests.swift in Sources */ = {isa = PBXBuildFile; fileRef = EF3A0F9EDC0086012184080B /* TranscriptionMergeTests.swift */; };
		B4FFE00C3D73A73B1B12DC36 /* CallNotesApp.swift in Sources */ = {isa = PBXBuildFile; fileRef = 6906AB907CF7AFA690FFC10E /* CallNotesApp.swift */; };
		B6AF0F153C3A3454203074BF /* CallNotesWidgetsExtension.appex in Embed Foundation Extensions */ = {isa = PBXBuildFile; fileRef = 42E7E11E12D3C17C07B28750 /* CallNotesWidgetsExtension.appex */; settings = {ATTRIBUTES = (RemoveHeadersOnCopy, ); }; };
		B85EA51955784B635E6EBD44 /* RecordingLiveActivity.swift in Sources */ = {isa = PBXBuildFile; fileRef = 1C7086EEE0495818F83AE9F9 /* RecordingLiveActivity.swift */; };
		BDE01C27229D423A40A88635 /* CallNotesIntents.swift in Sources */ = {isa = PBXBuildFile; fileRef = 8CFDD0DE320B395F65353F05 /* CallNotesIntents.swift */; };
		BF381F8B1B9885E53A10BB8C /* RootTabView.swift in Sources */ = {isa = PBXBuildFile; fileRef = 93CD938396A22A67C66BF8E1 /* RootTabView.swift */; };
		C09107BCAE5B7001696CD810 /* ActivityKit.framework in Frameworks */ = {isa = PBXBuildFile; fileRef = F6EB15F85138597ED21818D6 /* ActivityKit.framework */; };
		C2E98A58E6BFF1673C0687A7 /* ReminderService.swift in Sources */ = {isa = PBXBuildFile; fileRef = 13CAEF903A26FF5C22AE576A /* ReminderService.swift */; };
		CD9D596B0574884A735FB5B9 /* TestSupport.swift in Sources */ = {isa = PBXBuildFile; fileRef = CA5BB5B641E625C3A9F1A4B2 /* TestSupport.swift */; };
		D76FA3CD57DB5DB7E297C9BB /* CallModels.swift in Sources */ = {isa = PBXBuildFile; fileRef = 7A5A194E4515E28564E62A21 /* CallModels.swift */; };
		DEA99A81A99C2D4C607B8ACF /* SessionsListView.swift in Sources */ = {isa = PBXBuildFile; fileRef = C05B020CA68927A4AC16C83D /* SessionsListView.swift */; };
		DEB5720DB8D1AE635E38A2BF /* RecordingViewModel.swift in Sources */ = {isa = PBXBuildFile; fileRef = 20675B7CF08247B9DA22B8A1 /* RecordingViewModel.swift */; };
		EDF8756CAB25F1C2FD0071EB /* ActionItemExtractionServiceTests.swift in Sources */ = {isa = PBXBuildFile; fileRef = 8E36F25318A2450D8F89F0D9 /* ActionItemExtractionServiceTests.swift */; };
		F46178421550FABD2415A398 /* CallNotesWidgets.swift in Sources */ = {isa = PBXBuildFile; fileRef = 3D61BC00AA6D05786077E490 /* CallNotesWidgets.swift */; };
		F48AB2C44F1B5866988928BB /* ServiceProtocols.swift in Sources */ = {isa = PBXBuildFile; fileRef = 987F33590A7D259F6D67BE31 /* ServiceProtocols.swift */; };
		FBD6AC4272CC306F9B159FD0 /* CompletionNotificationService.swift in Sources */ = {isa = PBXBuildFile; fileRef = 07EC97F4ADE08432CF25CB53 /* CompletionNotificationService.swift */; };
/* End PBXBuildFile section */

/* Begin PBXContainerItemProxy section */
		1FDACB1C5B16DFF0E260678F /* PBXContainerItemProxy */ = {
			isa = PBXContainerItemProxy;
			containerPortal = 5D8711C1112256626215F587 /* Project object */;
			proxyType = 1;
			remoteGlobalIDString = 05B1281854CE6ABA72D4D1D9;
			remoteInfo = CallNotes;
		};
		BE15C1D3C5C163695276534C /* PBXContainerItemProxy */ = {
			isa = PBXContainerItemProxy;
			containerPortal = 5D8711C1112256626215F587 /* Project object */;
			proxyType = 1;
			remoteGlobalIDString = 05B1281854CE6ABA72D4D1D9;
			remoteInfo = CallNotes;
		};
		C9F715D2F10457D2D4A89B95 /* PBXContainerItemProxy */ = {
			isa = PBXContainerItemProxy;
			containerPortal = 5D8711C1112256626215F587 /* Project object */;
			proxyType = 1;
			remoteGlobalIDString = C9D87A392803A50FFBE04DAA;
			remoteInfo = CallNotesWidgetsExtension;
		};
/* End PBXContainerItemProxy section */

/* Begin PBXCopyFilesBuildPhase section */
		FAD27EBAFD1CF76A4C25B5E1 /* Embed Foundation Extensions */ = {
			isa = PBXCopyFilesBuildPhase;
			buildActionMask = 2147483647;
			dstPath = "";
			dstSubfolderSpec = 13;
			files = (
				B6AF0F153C3A3454203074BF /* CallNotesWidgetsExtension.appex in Embed Foundation Extensions */,
			);
			name = "Embed Foundation Extensions";
			runOnlyForDeploymentPostprocessing = 0;
		};
/* End PBXCopyFilesBuildPhase section */

/* Begin PBXFileReference section */
		07EC97F4ADE08432CF25CB53 /* CompletionNotificationService.swift */ = {isa = PBXFileReference; lastKnownFileType = sourcecode.swift; path = CompletionNotificationService.swift; sourceTree = "<group>"; };
		13CAEF903A26FF5C22AE576A /* ReminderService.swift */ = {isa = PBXFileReference; lastKnownFileType = sourcecode.swift; path = ReminderService.swift; sourceTree = "<group>"; };
		143BB67516AF7674A4028026 /* AppSettings.swift */ = {isa = PBXFileReference; lastKnownFileType = sourcecode.swift; path = AppSettings.swift; sourceTree = "<group>"; };
		14B465CD27B953198E440C57 /* SummaryReviewView.swift */ = {isa = PBXFileReference; lastKnownFileType = sourcecode.swift; path = SummaryReviewView.swift; sourceTree = "<group>"; };
		1C7086EEE0495818F83AE9F9 /* RecordingLiveActivity.swift */ = {isa = PBXFileReference; lastKnownFileType = sourcecode.swift; path = RecordingLiveActivity.swift; sourceTree = "<group>"; };
		20675B7CF08247B9DA22B8A1 /* RecordingViewModel.swift */ = {isa = PBXFileReference; lastKnownFileType = sourcecode.swift; path = RecordingViewModel.swift; sourceTree = "<group>"; };
		3D61BC00AA6D05786077E490 /* CallNotesWidgets.swift */ = {isa = PBXFileReference; lastKnownFileType = sourcecode.swift; path = CallNotesWidgets.swift; sourceTree = "<group>"; };
		42E7E11E12D3C17C07B28750 /* CallNotesWidgetsExtension.appex */ = {isa = PBXFileReference; includeInIndex = 0; lastKnownFileType = "wrapper.app-extension"; path = CallNotesWidgetsExtension.appex; sourceTree = BUILT_PRODUCTS_DIR; };
		51BE8966080EE63237E712F4 /* SwiftUI.framework */ = {isa = PBXFileReference; lastKnownFileType = wrapper.framework; name = SwiftUI.framework; path = System/Library/Frameworks/SwiftUI.framework; sourceTree = SDKROOT; };
		5EB1C895E3E313EB83E95F45 /* Assets.xcassets */ = {isa = PBXFileReference; lastKnownFileType = folder.assetcatalog; path = Assets.xcassets; sourceTree = "<group>"; };
		624088F21A750241B1274459 /* CallNotesUITests.swift */ = {isa = PBXFileReference; lastKnownFileType = sourcecode.swift; path = CallNotesUITests.swift; sourceTree = "<group>"; };
		66AF9B61AD0D78928094EC59 /* TranscriptionService.swift */ = {isa = PBXFileReference; lastKnownFileType = sourcecode.swift; path = TranscriptionService.swift; sourceTree = "<group>"; };
		6702761E89F140AFD47DE50B /* SettingsView.swift */ = {isa = PBXFileReference; lastKnownFileType = sourcecode.swift; path = SettingsView.swift; sourceTree = "<group>"; };
		68BF35A7BA1CAD2A52FD1B57 /* PersistenceService.swift */ = {isa = PBXFileReference; lastKnownFileType = sourcecode.swift; path = PersistenceService.swift; sourceTree = "<group>"; };
		6906AB907CF7AFA690FFC10E /* CallNotesApp.swift */ = {isa = PBXFileReference; lastKnownFileType = sourcecode.swift; path = CallNotesApp.swift; sourceTree = "<group>"; };
		7A5A194E4515E28564E62A21 /* CallModels.swift */ = {isa = PBXFileReference; lastKnownFileType = sourcecode.swift; path = CallModels.swift; sourceTree = "<group>"; };
		7BAD59F3F6C360F946A29B59 /* ActionItemExtractionService.swift */ = {isa = PBXFileReference; lastKnownFileType = sourcecode.swift; path = ActionItemExtractionService.swift; sourceTree = "<group>"; };
		82A093555F20C93AC86D1DAD /* CallNotes.app */ = {isa = PBXFileReference; includeInIndex = 0; lastKnownFileType = wrapper.application; path = CallNotes.app; sourceTree = BUILT_PRODUCTS_DIR; };
		839CFA2D64C9B22A44FF04E8 /* AppViewModel.swift */ = {isa = PBXFileReference; lastKnownFileType = sourcecode.swift; path = AppViewModel.swift; sourceTree = "<group>"; };
		879AE159A8967B8503283278 /* BackgroundTaskService.swift */ = {isa = PBXFileReference; lastKnownFileType = sourcecode.swift; path = BackgroundTaskService.swift; sourceTree = "<group>"; };
		8CFDD0DE320B395F65353F05 /* CallNotesIntents.swift */ = {isa = PBXFileReference; lastKnownFileType = sourcecode.swift; path = CallNotesIntents.swift; sourceTree = "<group>"; };
		8E36F25318A2450D8F89F0D9 /* ActionItemExtractionServiceTests.swift */ = {isa = PBXFileReference; lastKnownFileType = sourcecode.swift; path = ActionItemExtractionServiceTests.swift; sourceTree = "<group>"; };
		920A1F50C415F7B8A4660D41 /* OpenAIClient.swift */ = {isa = PBXFileReference; lastKnownFileType = sourcecode.swift; path = OpenAIClient.swift; sourceTree = "<group>"; };
		93CD938396A22A67C66BF8E1 /* RootTabView.swift */ = {isa = PBXFileReference; lastKnownFileType = sourcecode.swift; path = RootTabView.swift; sourceTree = "<group>"; };
		987F33590A7D259F6D67BE31 /* ServiceProtocols.swift */ = {isa = PBXFileReference; lastKnownFileType = sourcecode.swift; path = ServiceProtocols.swift; sourceTree = "<group>"; };
		B7093C7207672EBAEBAF4BB9 /* AudioCaptureService.swift */ = {isa = PBXFileReference; lastKnownFileType = sourcecode.swift; path = AudioCaptureService.swift; sourceTree = "<group>"; };
		C05B020CA68927A4AC16C83D /* SessionsListView.swift */ = {isa = PBXFileReference; lastKnownFileType = sourcecode.swift; path = SessionsListView.swift; sourceTree = "<group>"; };
		C89CB585AC0D116792747A96 /* CallNotesUnitTests.xctest */ = {isa = PBXFileReference; includeInIndex = 0; lastKnownFileType = wrapper.cfbundle; path = CallNotesUnitTests.xctest; sourceTree = BUILT_PRODUCTS_DIR; };
		CA5BB5B641E625C3A9F1A4B2 /* TestSupport.swift */ = {isa = PBXFileReference; lastKnownFileType = sourcecode.swift; path = TestSupport.swift; sourceTree = "<group>"; };
		CB7DCCD1284C27FDDF3F0C70 /* CallNotesUITests.xctest */ = {isa = PBXFileReference; includeInIndex = 0; lastKnownFileType = wrapper.cfbundle; path = CallNotesUITests.xctest; sourceTree = BUILT_PRODUCTS_DIR; };
		D656FB1DEFA01AEA16C75566 /* WidgetKit.framework */ = {isa = PBXFileReference; lastKnownFileType = wrapper.framework; name = WidgetKit.framework; path = System/Library/Frameworks/WidgetKit.framework; sourceTree = SDKROOT; };
		DEF6926251D4B69E0360C968 /* RecordHomeView.swift */ = {isa = PBXFileReference; lastKnownFileType = sourcecode.swift; path = RecordHomeView.swift; sourceTree = "<group>"; };
		E227CD0840E92E5F60EF03D4 /* DependencyContainer.swift */ = {isa = PBXFileReference; lastKnownFileType = sourcecode.swift; path = DependencyContainer.swift; sourceTree = "<group>"; };
		EF3A0F9EDC0086012184080B /* TranscriptionMergeTests.swift */ = {isa = PBXFileReference; lastKnownFileType = sourcecode.swift; path = TranscriptionMergeTests.swift; sourceTree = "<group>"; };
		F6EB15F85138597ED21818D6 /* ActivityKit.framework */ = {isa = PBXFileReference; lastKnownFileType = wrapper.framework; name = ActivityKit.framework; path = System/Library/Frameworks/ActivityKit.framework; sourceTree = SDKROOT; };
		FA6275306474A71B72C25F78 /* AppIntents.framework */ = {isa = PBXFileReference; lastKnownFileType = wrapper.framework; name = AppIntents.framework; path = System/Library/Frameworks/AppIntents.framework; sourceTree = SDKROOT; };
/* End PBXFileReference section */

/* Begin PBXFrameworksBuildPhase section */
		EFBDFF34FA74B618A7C0275C /* Frameworks */ = {
			isa = PBXFrameworksBuildPhase;
			buildActionMask = 2147483647;
			files = (
				C09107BCAE5B7001696CD810 /* ActivityKit.framework in Frameworks */,
				950180F0D47027F732677DFD /* WidgetKit.framework in Frameworks */,
				9821739DD4C351C4139E7E20 /* SwiftUI.framework in Frameworks */,
				4F0C432CE7B902FA0B4CEE28 /* AppIntents.framework in Frameworks */,
			);
			runOnlyForDeploymentPostprocessing = 0;
		};
/* End PBXFrameworksBuildPhase section */

/* Begin PBXGroup section */
		23F2A45081C456D1F429EF7F /* LiveActivity */ = {
			isa = PBXGroup;
			children = (
				1C7086EEE0495818F83AE9F9 /* RecordingLiveActivity.swift */,
			);
			path = LiveActivity;
			sourceTree = "<group>";
		};
		2F9571CDB02066ACB9E277FF /* Services */ = {
			isa = PBXGroup;
			children = (
				7BAD59F3F6C360F946A29B59 /* ActionItemExtractionService.swift */,
				B7093C7207672EBAEBAF4BB9 /* AudioCaptureService.swift */,
				879AE159A8967B8503283278 /* BackgroundTaskService.swift */,
				07EC97F4ADE08432CF25CB53 /* CompletionNotificationService.swift */,
				920A1F50C415F7B8A4660D41 /* OpenAIClient.swift */,
				68BF35A7BA1CAD2A52FD1B57 /* PersistenceService.swift */,
				13CAEF903A26FF5C22AE576A /* ReminderService.swift */,
				987F33590A7D259F6D67BE31 /* ServiceProtocols.swift */,
				66AF9B61AD0D78928094EC59 /* TranscriptionService.swift */,
			);
			path = Services;
			sourceTree = "<group>";
		};
		42F495951E5A82C89E01FC43 /* Shortcuts */ = {
			isa = PBXGroup;
			children = (
				8CFDD0DE320B395F65353F05 /* CallNotesIntents.swift */,
			);
			path = Shortcuts;
			sourceTree = "<group>";
		};
		5316AD9A4FCB7F3E6B553A3F /* Models */ = {
			isa = PBXGroup;
			children = (
				7A5A194E4515E28564E62A21 /* CallModels.swift */,
			);
			path = Models;
			sourceTree = "<group>";
		};
		5415575D31A058DE9A1DF2DA = {
			isa = PBXGroup;
			children = (
				A942BF4B14A17ECD22E0398F /* App */,
				EDE5394D77C6864A340D0F6E /* Features */,
				23F2A45081C456D1F429EF7F /* LiveActivity */,
				5316AD9A4FCB7F3E6B553A3F /* Models */,
				CAC90D31C0D59F35F1013E4D /* Resources */,
				2F9571CDB02066ACB9E277FF /* Services */,
				42F495951E5A82C89E01FC43 /* Shortcuts */,
				BB4AEEFDB8E9498C7C03712F /* Tests */,
				C2CB456C6B2F832153DDC8D4 /* Widgets */,
				8A04DB50E6E66AACD25B5438 /* Frameworks */,
				AC73319E7C9F745B19CCFA3E /* Products */,
			);
			sourceTree = "<group>";
		};
		8A04DB50E6E66AACD25B5438 /* Frameworks */ = {
			isa = PBXGroup;
			children = (
				F6EB15F85138597ED21818D6 /* ActivityKit.framework */,
				FA6275306474A71B72C25F78 /* AppIntents.framework */,
				51BE8966080EE63237E712F4 /* SwiftUI.framework */,
				D656FB1DEFA01AEA16C75566 /* WidgetKit.framework */,
			);
			name = Frameworks;
			sourceTree = "<group>";
		};
		A53981334327A69BE437D318 /* Unit */ = {
			isa = PBXGroup;
			children = (
				8E36F25318A2450D8F89F0D9 /* ActionItemExtractionServiceTests.swift */,
				CA5BB5B641E625C3A9F1A4B2 /* TestSupport.swift */,
				EF3A0F9EDC0086012184080B /* TranscriptionMergeTests.swift */,
			);
			path = Unit;
			sourceTree = "<group>";
		};
		A942BF4B14A17ECD22E0398F /* App */ = {
			isa = PBXGroup;
			children = (
				143BB67516AF7674A4028026 /* AppSettings.swift */,
				839CFA2D64C9B22A44FF04E8 /* AppViewModel.swift */,
				6906AB907CF7AFA690FFC10E /* CallNotesApp.swift */,
				E227CD0840E92E5F60EF03D4 /* DependencyContainer.swift */,
				93CD938396A22A67C66BF8E1 /* RootTabView.swift */,
			);
			path = App;
			sourceTree = "<group>";
		};
		AC73319E7C9F745B19CCFA3E /* Products */ = {
			isa = PBXGroup;
			children = (
				82A093555F20C93AC86D1DAD /* CallNotes.app */,
				CB7DCCD1284C27FDDF3F0C70 /* CallNotesUITests.xctest */,
				C89CB585AC0D116792747A96 /* CallNotesUnitTests.xctest */,
				42E7E11E12D3C17C07B28750 /* CallNotesWidgetsExtension.appex */,
			);
			name = Products;
			sourceTree = "<group>";
		};
		BB4AEEFDB8E9498C7C03712F /* Tests */ = {
			isa = PBXGroup;
			children = (
				FF3A3952DE84F40888CD5291 /* UI */,
				A53981334327A69BE437D318 /* Unit */,
			);
			path = Tests;
			sourceTree = "<group>";
		};
		C2CB456C6B2F832153DDC8D4 /* Widgets */ = {
			isa = PBXGroup;
			children = (
				3D61BC00AA6D05786077E490 /* CallNotesWidgets.swift */,
			);
			path = Widgets;
			sourceTree = "<group>";
		};
		C35ABDCA3EED04EF3C1B27EE /* Settings */ = {
			isa = PBXGroup;
			children = (
				6702761E89F140AFD47DE50B /* SettingsView.swift */,
			);
			path = Settings;
			sourceTree = "<group>";
		};
		C5FD30EB59E859611C9727BF /* Sessions */ = {
			isa = PBXGroup;
			children = (
				C05B020CA68927A4AC16C83D /* SessionsListView.swift */,
			);
			path = Sessions;
			sourceTree = "<group>";
		};
		CAC90D31C0D59F35F1013E4D /* Resources */ = {
			isa = PBXGroup;
			children = (
				5EB1C895E3E313EB83E95F45 /* Assets.xcassets */,
			);
			path = Resources;
			sourceTree = "<group>";
		};
		EDE5394D77C6864A340D0F6E /* Features */ = {
			isa = PBXGroup;
			children = (
				F226064B3445FD5358DF1807 /* Recording */,
				C5FD30EB59E859611C9727BF /* Sessions */,
				C35ABDCA3EED04EF3C1B27EE /* Settings */,
				F0CDA44D39CC42181CD68D21 /* Summary */,
			);
			path = Features;
			sourceTree = "<group>";
		};
		F0CDA44D39CC42181CD68D21 /* Summary */ = {
			isa = PBXGroup;
			children = (
				14B465CD27B953198E440C57 /* SummaryReviewView.swift */,
			);
			path = Summary;
			sourceTree = "<group>";
		};
		F226064B3445FD5358DF1807 /* Recording */ = {
			isa = PBXGroup;
			children = (
				DEF6926251D4B69E0360C968 /* RecordHomeView.swift */,
				20675B7CF08247B9DA22B8A1 /* RecordingViewModel.swift */,
			);
			path = Recording;
			sourceTree = "<group>";
		};
		FF3A3952DE84F40888CD5291 /* UI */ = {
			isa = PBXGroup;
			children = (
				624088F21A750241B1274459 /* CallNotesUITests.swift */,
			);
			path = UI;
			sourceTree = "<group>";
		};
/* End PBXGroup section */

/* Begin PBXNativeTarget section */
		05B1281854CE6ABA72D4D1D9 /* CallNotes */ = {
			isa = PBXNativeTarget;
			buildConfigurationList = AF4610FF1A64216681AD36BD /* Build configuration list for PBXNativeTarget "CallNotes" */;
			buildPhases = (
				58A79F0D9D9950D36D742686 /* Sources */,
				A2FB1635F8BA37EFD4BFBC81 /* Resources */,
				FAD27EBAFD1CF76A4C25B5E1 /* Embed Foundation Extensions */,
			);
			buildRules = (
			);
			dependencies = (
				8B981156FE0D470E336B58B6 /* PBXTargetDependency */,
			);
			name = CallNotes;
			packageProductDependencies = (
			);
			productName = CallNotes;
			productReference = 82A093555F20C93AC86D1DAD /* CallNotes.app */;
			productType = "com.apple.product-type.application";
		};
		97934D21E5F2CCE1575AF871 /* CallNotesUITests */ = {
			isa = PBXNativeTarget;
			buildConfigurationList = 8628217B72EFF8001F883C91 /* Build configuration list for PBXNativeTarget "CallNotesUITests" */;
			buildPhases = (
				BF77BBE189ED96D8D9B1885F /* Sources */,
			);
			buildRules = (
			);
			dependencies = (
				6DA69E5750F961A83A9229AC /* PBXTargetDependency */,
			);
			name = CallNotesUITests;
			packageProductDependencies = (
			);
			productName = CallNotesUITests;
			productReference = CB7DCCD1284C27FDDF3F0C70 /* CallNotesUITests.xctest */;
			productType = "com.apple.product-type.bundle.ui-testing";
		};
		C4A9AE8C14F329C6C8E1AE34 /* CallNotesUnitTests */ = {
			isa = PBXNativeTarget;
			buildConfigurationList = 733E43395E630532395396FB /* Build configuration list for PBXNativeTarget "CallNotesUnitTests" */;
			buildPhases = (
				09CE2F999993265710577DE9 /* Sources */,
			);
			buildRules = (
			);
			dependencies = (
				70FFC8D0F1E79861B7EBFE57 /* PBXTargetDependency */,
			);
			name = CallNotesUnitTests;
			packageProductDependencies = (
			);
			productName = CallNotesUnitTests;
			productReference = C89CB585AC0D116792747A96 /* CallNotesUnitTests.xctest */;
			productType = "com.apple.product-type.bundle.unit-test";
		};
		C9D87A392803A50FFBE04DAA /* CallNotesWidgetsExtension */ = {
			isa = PBXNativeTarget;
			buildConfigurationList = 4CB93043A25F4C7EDE72E559 /* Build configuration list for PBXNativeTarget "CallNotesWidgetsExtension" */;
			buildPhases = (
				AF72021B337C09EA9783C925 /* Sources */,
				EFBDFF34FA74B618A7C0275C /* Frameworks */,
			);
			buildRules = (
			);
			dependencies = (
			);
			name = CallNotesWidgetsExtension;
			packageProductDependencies = (
			);
			productName = CallNotesWidgetsExtension;
			productReference = 42E7E11E12D3C17C07B28750 /* CallNotesWidgetsExtension.appex */;
			productType = "com.apple.product-type.app-extension";
		};
/* End PBXNativeTarget section */

/* Begin PBXProject section */
		5D8711C1112256626215F587 /* Project object */ = {
			isa = PBXProject;
			attributes = {
				BuildIndependentTargetsInParallel = YES;
				LastUpgradeCheck = 1430;
				TargetAttributes = {
					05B1281854CE6ABA72D4D1D9 = {
						DevelopmentTeam = "";
						ProvisioningStyle = Automatic;
					};
					97934D21E5F2CCE1575AF871 = {
						DevelopmentTeam = "";
						ProvisioningStyle = Automatic;
						TestTargetID = 05B1281854CE6ABA72D4D1D9;
					};
					C4A9AE8C14F329C6C8E1AE34 = {
						DevelopmentTeam = "";
						ProvisioningStyle = Automatic;
					};
					C9D87A392803A50FFBE04DAA = {
						DevelopmentTeam = "";
						ProvisioningStyle = Automatic;
					};
				};
			};
			buildConfigurationList = 6B31DE1BD3D480686FFA9654 /* Build configuration list for PBXProject "CallNotes" */;
			developmentRegion = en;
			hasScannedForEncodings = 0;
			knownRegions = (
				Base,
				en,
			);
			mainGroup = 5415575D31A058DE9A1DF2DA;
			minimizedProjectReferenceProxies = 1;
			preferredProjectObjectVersion = 77;
			productRefGroup = AC73319E7C9F745B19CCFA3E /* Products */;
			projectDirPath = "";
			projectRoot = "";
			targets = (
				05B1281854CE6ABA72D4D1D9 /* CallNotes */,
				97934D21E5F2CCE1575AF871 /* CallNotesUITests */,
				C4A9AE8C14F329C6C8E1AE34 /* CallNotesUnitTests */,
				C9D87A392803A50FFBE04DAA /* CallNotesWidgetsExtension */,
			);
		};
/* End PBXProject section */

/* Begin PBXResourcesBuildPhase section */
		A2FB1635F8BA37EFD4BFBC81 /* Resources */ = {
			isa = PBXResourcesBuildPhase;
			buildActionMask = 2147483647;
			files = (
				3A1E6F192D6CD354B667E9E7 /* Assets.xcassets in Resources */,
			);
			runOnlyForDeploymentPostprocessing = 0;
		};
/* End PBXResourcesBuildPhase section */

/* Begin PBXSourcesBuildPhase section */
		09CE2F999993265710577DE9 /* Sources */ = {
			isa = PBXSourcesBuildPhase;
			buildActionMask = 2147483647;
			files = (
				6E790FBE545EBB0AF5236C87 /* ActionItemExtractionService.swift in Sources */,
				EDF8756CAB25F1C2FD0071EB /* ActionItemExtractionServiceTests.swift in Sources */,
				1787E389E1C7BCC32FEA91A1 /* AppSettings.swift in Sources */,
				3EF48A60B2E24E6AA0CAB745 /* AudioCaptureService.swift in Sources */,
				27B5C8AC3FB075CE4366B3BE /* BackgroundTaskService.swift in Sources */,
				8F5D7C7539262658257A36A1 /* CallModels.swift in Sources */,
				720E885B41AC52115D935207 /* CompletionNotificationService.swift in Sources */,
				1D4C7AC281146033C6C7E2D3 /* OpenAIClient.swift in Sources */,
				5DE9317DA373A4D3D4DD6746 /* PersistenceService.swift in Sources */,
				C2E98A58E6BFF1673C0687A7 /* ReminderService.swift in Sources */,
				69AFFE93701C102BF9452343 /* ServiceProtocols.swift in Sources */,
				CD9D596B0574884A735FB5B9 /* TestSupport.swift in Sources */,
				AF5A906F2FBF94773BF38A8C /* TranscriptionMergeTests.swift in Sources */,
				2425C0EC0F5D541D7FE54ECB /* TranscriptionService.swift in Sources */,
			);
			runOnlyForDeploymentPostprocessing = 0;
		};
		58A79F0D9D9950D36D742686 /* Sources */ = {
			isa = PBXSourcesBuildPhase;
			buildActionMask = 2147483647;
			files = (
				A806F709270FB461A8B1BE31 /* ActionItemExtractionService.swift in Sources */,
				374CF474FD2B1D6530114AD2 /* AppSettings.swift in Sources */,
				5B1EA10DBF2112321CE22497 /* AppViewModel.swift in Sources */,
				7594B6F1AE9AF0840ABD465B /* AudioCaptureService.swift in Sources */,
				7ABCC4E33FD32B23DFE65F20 /* BackgroundTaskService.swift in Sources */,
				77EFBB77C3A110A73A840CD8 /* CallModels.swift in Sources */,
				B4FFE00C3D73A73B1B12DC36 /* CallNotesApp.swift in Sources */,
				BDE01C27229D423A40A88635 /* CallNotesIntents.swift in Sources */,
				FBD6AC4272CC306F9B159FD0 /* CompletionNotificationService.swift in Sources */,
				37B855527D2A401971F6C756 /* DependencyContainer.swift in Sources */,
				422600D530525A734D43E1C8 /* OpenAIClient.swift in Sources */,
				84DAE0895FD13D2EED9194E5 /* PersistenceService.swift in Sources */,
				88AFF61BA6EBA258B883A885 /* RecordHomeView.swift in Sources */,
				DEB5720DB8D1AE635E38A2BF /* RecordingViewModel.swift in Sources */,
				0B341478CAE95CB22954F7BB /* ReminderService.swift in Sources */,
				BF381F8B1B9885E53A10BB8C /* RootTabView.swift in Sources */,
				F48AB2C44F1B5866988928BB /* ServiceProtocols.swift in Sources */,
				DEA99A81A99C2D4C607B8ACF /* SessionsListView.swift in Sources */,
				6439B1D6E5B3F68CDF2B9417 /* SettingsView.swift in Sources */,
				872810FEB79AC0689F43A5FE /* SummaryReviewView.swift in Sources */,
				789D31EECB13C1F1206E4D59 /* TranscriptionService.swift in Sources */,
			);
			runOnlyForDeploymentPostprocessing = 0;
		};
		AF72021B337C09EA9783C925 /* Sources */ = {
			isa = PBXSourcesBuildPhase;
			buildActionMask = 2147483647;
			files = (
				D76FA3CD57DB5DB7E297C9BB /* CallModels.swift in Sources */,
				3153F518A74DD4DD9A7C54B6 /* CallNotesIntents.swift in Sources */,
				F46178421550FABD2415A398 /* CallNotesWidgets.swift in Sources */,
				B85EA51955784B635E6EBD44 /* RecordingLiveActivity.swift in Sources */,
			);
			runOnlyForDeploymentPostprocessing = 0;
		};
		BF77BBE189ED96D8D9B1885F /* Sources */ = {
			isa = PBXSourcesBuildPhase;
			buildActionMask = 2147483647;
			files = (
				08775D470C14BC34E0694625 /* CallNotesUITests.swift in Sources */,
			);
			runOnlyForDeploymentPostprocessing = 0;
		};
/* End PBXSourcesBuildPhase section */

/* Begin PBXTargetDependency section */
		6DA69E5750F961A83A9229AC /* PBXTargetDependency */ = {
			isa = PBXTargetDependency;
			target = 05B1281854CE6ABA72D4D1D9 /* CallNotes */;
			targetProxy = BE15C1D3C5C163695276534C /* PBXContainerItemProxy */;
		};
		70FFC8D0F1E79861B7EBFE57 /* PBXTargetDependency */ = {
			isa = PBXTargetDependency;
			target = 05B1281854CE6ABA72D4D1D9 /* CallNotes */;
			targetProxy = 1FDACB1C5B16DFF0E260678F /* PBXContainerItemProxy */;
		};
		8B981156FE0D470E336B58B6 /* PBXTargetDependency */ = {
			isa = PBXTargetDependency;
			target = C9D87A392803A50FFBE04DAA /* CallNotesWidgetsExtension */;
			targetProxy = C9F715D2F10457D2D4A89B95 /* PBXContainerItemProxy */;
		};
/* End PBXTargetDependency section */

/* Begin XCBuildConfiguration section */
		2B7698238FE3BD5E6C24CC4C /* Debug */ = {
			isa = XCBuildConfiguration;
			buildSettings = {
				ALWAYS_SEARCH_USER_PATHS = NO;
				CLANG_ANALYZER_NONNULL = YES;
				CLANG_ANALYZER_NUMBER_OBJECT_CONVERSION = YES_AGGRESSIVE;
				CLANG_CXX_LANGUAGE_STANDARD = "gnu++14";
				CLANG_CXX_LIBRARY = "libc++";
				CLANG_ENABLE_MODULES = YES;
				CLANG_ENABLE_OBJC_ARC = YES;
				CLANG_ENABLE_OBJC_WEAK = YES;
				CLANG_WARN_BLOCK_CAPTURE_AUTORELEASING = YES;
				CLANG_WARN_BOOL_CONVERSION = YES;
				CLANG_WARN_COMMA = YES;
				CLANG_WARN_CONSTANT_CONVERSION = YES;
				CLANG_WARN_DEPRECATED_OBJC_IMPLEMENTATIONS = YES;
				CLANG_WARN_DIRECT_OBJC_ISA_USAGE = YES_ERROR;
				CLANG_WARN_DOCUMENTATION_COMMENTS = YES;
				CLANG_WARN_EMPTY_BODY = YES;
				CLANG_WARN_ENUM_CONVERSION = YES;
				CLANG_WARN_INFINITE_RECURSION = YES;
				CLANG_WARN_INT_CONVERSION = YES;
				CLANG_WARN_NON_LITERAL_NULL_CONVERSION = YES;
				CLANG_WARN_OBJC_IMPLICIT_RETAIN_SELF = YES;
				CLANG_WARN_OBJC_LITERAL_CONVERSION = YES;
				CLANG_WARN_OBJC_ROOT_CLASS = YES_ERROR;
				CLANG_WARN_QUOTED_INCLUDE_IN_FRAMEWORK_HEADER = YES;
				CLANG_WARN_RANGE_LOOP_ANALYSIS = YES;
				CLANG_WARN_STRICT_PROTOTYPES = YES;
				CLANG_WARN_SUSPICIOUS_MOVE = YES;
				CLANG_WARN_UNGUARDED_AVAILABILITY = YES_AGGRESSIVE;
				CLANG_WARN_UNREACHABLE_CODE = YES;
				CLANG_WARN__DUPLICATE_METHOD_MATCH = YES;
				CODE_SIGN_STYLE = Automatic;
				COPY_PHASE_STRIP = NO;
				CURRENT_PROJECT_VERSION = 1;
				DEBUG_INFORMATION_FORMAT = dwarf;
				DEVELOPMENT_TEAM = "";
				ENABLE_STRICT_OBJC_MSGSEND = YES;
				ENABLE_TESTABILITY = YES;
				GCC_C_LANGUAGE_STANDARD = gnu11;
				GCC_DYNAMIC_NO_PIC = NO;
				GCC_NO_COMMON_BLOCKS = YES;
				GCC_OPTIMIZATION_LEVEL = 0;
				GCC_PREPROCESSOR_DEFINITIONS = (
					"$(inherited)",
					"DEBUG=1",
				);
				GCC_WARN_64_TO_32_BIT_CONVERSION = YES;
				GCC_WARN_ABOUT_RETURN_TYPE = YES_ERROR;
				GCC_WARN_UNDECLARED_SELECTOR = YES;
				GCC_WARN_UNINITIALIZED_AUTOS = YES_AGGRESSIVE;
				GCC_WARN_UNUSED_FUNCTION = YES;
				GCC_WARN_UNUSED_VARIABLE = YES;
				GENERATE_INFOPLIST_FILE = YES;
				IPHONEOS_DEPLOYMENT_TARGET = 18.0;
				MARKETING_VERSION = 1.0;
				MTL_ENABLE_DEBUG_INFO = INCLUDE_SOURCE;
				MTL_FAST_MATH = YES;
				ONLY_ACTIVE_ARCH = YES;
				PRODUCT_BUNDLE_IDENTIFIER = com.thomasgregg.CallNotes;
				PRODUCT_NAME = "$(TARGET_NAME)";
				SDKROOT = iphoneos;
				SWIFT_ACTIVE_COMPILATION_CONDITIONS = DEBUG;
				SWIFT_OPTIMIZATION_LEVEL = "-Onone";
				SWIFT_VERSION = 5.1;
			};
			name = Debug;
		};
		302F68B80333397318073345 /* Release */ = {
			isa = XCBuildConfiguration;
			buildSettings = {
				BUNDLE_LOADER = "$(TEST_HOST)";
				LD_RUNPATH_SEARCH_PATHS = (
					"$(inherited)",
					"@executable_path/Frameworks",
					"@loader_path/Frameworks",
				);
				PRODUCT_BUNDLE_IDENTIFIER = com.thomasgregg.CallNotes.uitests;
				SDKROOT = iphoneos;
				TARGETED_DEVICE_FAMILY = "1,2";
				TEST_TARGET_NAME = CallNotes;
			};
			name = Release;
		};
		59519E2A81BF6D484E347B20 /* Release */ = {
			isa = XCBuildConfiguration;
			buildSettings = {
				INFOPLIST_FILE = "Resources/CallNotesWidgets-Info.plist";
				INFOPLIST_KEY_CFBundleDisplayName = "FollowUps Widgets";
				LD_RUNPATH_SEARCH_PATHS = (
					"$(inherited)",
					"@executable_path/Frameworks",
					"@executable_path/../../Frameworks",
				);
				PRODUCT_BUNDLE_IDENTIFIER = com.thomasgregg.CallNotes.widgets;
				PRODUCT_NAME = CallNotesWidgets;
				SDKROOT = iphoneos;
				TARGETED_DEVICE_FAMILY = "1,2";
			};
			name = Release;
		};
		6291DE2D7A7C9D8D70E83FFA /* Release */ = {
			isa = XCBuildConfiguration;
			buildSettings = {
				BUNDLE_LOADER = "$(TEST_HOST)";
				LD_RUNPATH_SEARCH_PATHS = (
					"$(inherited)",
					"@executable_path/Frameworks",
					"@loader_path/Frameworks",
				);
				PRODUCT_BUNDLE_IDENTIFIER = com.thomasgregg.CallNotes.tests;
				SDKROOT = iphoneos;
				TARGETED_DEVICE_FAMILY = "1,2";
				TEST_HOST = "$(BUILT_PRODUCTS_DIR)/CallNotes.app/CallNotes";
			};
			name = Release;
		};
		A39D2B8785F4D91059FF5B02 /* Debug */ = {
			isa = XCBuildConfiguration;
			buildSettings = {
				BUNDLE_LOADER = "$(TEST_HOST)";
				LD_RUNPATH_SEARCH_PATHS = (
					"$(inherited)",
					"@executable_path/Frameworks",
					"@loader_path/Frameworks",
				);
				PRODUCT_BUNDLE_IDENTIFIER = com.thomasgregg.CallNotes.tests;
				SDKROOT = iphoneos;
				TARGETED_DEVICE_FAMILY = "1,2";
				TEST_HOST = "$(BUILT_PRODUCTS_DIR)/CallNotes.app/CallNotes";
			};
			name = Debug;
		};
		BA0542D1D19A9CC89EAE6D3C /* Debug */ = {
			isa = XCBuildConfiguration;
			buildSettings = {
				BUNDLE_LOADER = "$(TEST_HOST)";
				LD_RUNPATH_SEARCH_PATHS = (
					"$(inherited)",
					"@executable_path/Frameworks",
					"@loader_path/Frameworks",
				);
				PRODUCT_BUNDLE_IDENTIFIER = com.thomasgregg.CallNotes.uitests;
				SDKROOT = iphoneos;
				TARGETED_DEVICE_FAMILY = "1,2";
				TEST_TARGET_NAME = CallNotes;
			};
			name = Debug;
		};
		DD2DE098C2C45406D677F6CE /* Debug */ = {
			isa = XCBuildConfiguration;
			buildSettings = {
				INFOPLIST_FILE = "Resources/CallNotesWidgets-Info.plist";
				INFOPLIST_KEY_CFBundleDisplayName = "FollowUps Widgets";
				LD_RUNPATH_SEARCH_PATHS = (
					"$(inherited)",
					"@executable_path/Frameworks",
					"@executable_path/../../Frameworks",
				);
				PRODUCT_BUNDLE_IDENTIFIER = com.thomasgregg.CallNotes.widgets;
				PRODUCT_NAME = CallNotesWidgets;
				SDKROOT = iphoneos;
				TARGETED_DEVICE_FAMILY = "1,2";
			};
			name = Debug;
		};
		DFF3698C15C5E6BEA34336ED /* Release */ = {
			isa = XCBuildConfiguration;
			buildSettings = {
				ALWAYS_SEARCH_USER_PATHS = NO;
				CLANG_ANALYZER_NONNULL = YES;
				CLANG_ANALYZER_NUMBER_OBJECT_CONVERSION = YES_AGGRESSIVE;
				CLANG_CXX_LANGUAGE_STANDARD = "gnu++14";
				CLANG_CXX_LIBRARY = "libc++";
				CLANG_ENABLE_MODULES = YES;
				CLANG_ENABLE_OBJC_ARC = YES;
				CLANG_ENABLE_OBJC_WEAK = YES;
				CLANG_WARN_BLOCK_CAPTURE_AUTORELEASING = YES;
				CLANG_WARN_BOOL_CONVERSION = YES;
				CLANG_WARN_COMMA = YES;
				CLANG_WARN_CONSTANT_CONVERSION = YES;
				CLANG_WARN_DEPRECATED_OBJC_IMPLEMENTATIONS = YES;
				CLANG_WARN_DIRECT_OBJC_ISA_USAGE = YES_ERROR;
				CLANG_WARN_DOCUMENTATION_COMMENTS = YES;
				CLANG_WARN_EMPTY_BODY = YES;
				CLANG_WARN_ENUM_CONVERSION = YES;
				CLANG_WARN_INFINITE_RECURSION = YES;
				CLANG_WARN_INT_CONVERSION = YES;
				CLANG_WARN_NON_LITERAL_NULL_CONVERSION = YES;
				CLANG_WARN_OBJC_IMPLICIT_RETAIN_SELF = YES;
				CLANG_WARN_OBJC_LITERAL_CONVERSION = YES;
				CLANG_WARN_OBJC_ROOT_CLASS = YES_ERROR;
				CLANG_WARN_QUOTED_INCLUDE_IN_FRAMEWORK_HEADER = YES;
				CLANG_WARN_RANGE_LOOP_ANALYSIS = YES;
				CLANG_WARN_STRICT_PROTOTYPES = YES;
				CLANG_WARN_SUSPICIOUS_MOVE = YES;
				CLANG_WARN_UNGUARDED_AVAILABILITY = YES_AGGRESSIVE;
				CLANG_WARN_UNREACHABLE_CODE = YES;
				CLANG_WARN__DUPLICATE_METHOD_MATCH = YES;
				CODE_SIGN_STYLE = Automatic;
				COPY_PHASE_STRIP = NO;
				CURRENT_PROJECT_VERSION = 1;
				DEBUG_INFORMATION_FORMAT = "dwarf-with-dsym";
				DEVELOPMENT_TEAM = "";
				ENABLE_NS_ASSERTIONS = NO;
				ENABLE_STRICT_OBJC_MSGSEND = YES;
				GCC_C_LANGUAGE_STANDARD = gnu11;
				GCC_NO_COMMON_BLOCKS = YES;
				GCC_WARN_64_TO_32_BIT_CONVERSION = YES;
				GCC_WARN_ABOUT_RETURN_TYPE = YES_ERROR;
				GCC_WARN_UNDECLARED_SELECTOR = YES;
				GCC_WARN_UNINITIALIZED_AUTOS = YES_AGGRESSIVE;
				GCC_WARN_UNUSED_FUNCTION = YES;
				GCC_WARN_UNUSED_VARIABLE = YES;
				GENERATE_INFOPLIST_FILE = YES;
				IPHONEOS_DEPLOYMENT_TARGET = 18.0;
				MARKETING_VERSION = 1.0;
				MTL_ENABLE_DEBUG_INFO = NO;
				MTL_FAST_MATH = YES;
				PRODUCT_BUNDLE_IDENTIFIER = com.thomasgregg.CallNotes;
				PRODUCT_NAME = "$(TARGET_NAME)";
				SDKROOT = iphoneos;
				SWIFT_COMPILATION_MODE = wholemodule;
				SWIFT_OPTIMIZATION_LEVEL = "-O";
				SWIFT_VERSION = 5.1;
			};
			name = Release;
		};
		ED4FF876750517B5CA662282 /* Release */ = {
			isa = XCBuildConfiguration;
			buildSettings = {
				ASSETCATALOG_COMPILER_APPICON_NAME = AppIcon;
				ASSETCATALOG_COMPILER_GLOBAL_ACCENT_COLOR_NAME = AccentColor;
				CODE_SIGN_IDENTITY = "iPhone Developer";
				INFOPLIST_FILE = "Resources/CallNotes-Info.plist";
				INFOPLIST_KEY_CFBundleDisplayName = FollowUps;
				INFOPLIST_KEY_UIApplicationSceneManifest_Generation = YES;
				INFOPLIST_KEY_UIApplicationSupportsIndirectInputEvents = YES;
				INFOPLIST_KEY_UILaunchScreen_Generation = YES;
				LD_RUNPATH_SEARCH_PATHS = (
					"$(inherited)",
					"@executable_path/Frameworks",
				);
				PRODUCT_NAME = CallNotes;
				SDKROOT = iphoneos;
				TARGETED_DEVICE_FAMILY = "1,2";
			};
			name = Release;
		};
		FBDD3BAF148B6E2D4B5EC427 /* Debug */ = {
			isa = XCBuildConfiguration;
			buildSettings = {
				ASSETCATALOG_COMPILER_APPICON_NAME = AppIcon;
				ASSETCATALOG_COMPILER_GLOBAL_ACCENT_COLOR_NAME = AccentColor;
				CODE_SIGN_IDENTITY = "iPhone Developer";
				INFOPLIST_FILE = "Resources/CallNotes-Info.plist";
				INFOPLIST_KEY_CFBundleDisplayName = FollowUps;
				INFOPLIST_KEY_UIApplicationSceneManifest_Generation = YES;
				INFOPLIST_KEY_UIApplicationSupportsIndirectInputEvents = YES;
				INFOPLIST_KEY_UILaunchScreen_Generation = YES;
				LD_RUNPATH_SEARCH_PATHS = (
					"$(inherited)",
					"@executable_path/Frameworks",
				);
				PRODUCT_NAME = CallNotes;
				SDKROOT = iphoneos;
				TARGETED_DEVICE_FAMILY = "1,2";
			};
			name = Debug;
		};
/* End XCBuildConfiguration section */

/* Begin XCConfigurationList section */
		4CB93043A25F4C7EDE72E559 /* Build configuration list for PBXNativeTarget "CallNotesWidgetsExtension" */ = {
			isa = XCConfigurationList;
			buildConfigurations = (
				DD2DE098C2C45406D677F6CE /* Debug */,
				59519E2A81BF6D484E347B20 /* Release */,
			);
			defaultConfigurationIsVisible = 0;
			defaultConfigurationName = Debug;
		};
		6B31DE1BD3D480686FFA9654 /* Build configuration list for PBXProject "CallNotes" */ = {
			isa = XCConfigurationList;
			buildConfigurations = (
				2B7698238FE3BD5E6C24CC4C /* Debug */,
				DFF3698C15C5E6BEA34336ED /* Release */,
			);
			defaultConfigurationIsVisible = 0;
			defaultConfigurationName = Debug;
		};
		733E43395E630532395396FB /* Build configuration list for PBXNativeTarget "CallNotesUnitTests" */ = {
			isa = XCConfigurationList;
			buildConfigurations = (
				A39D2B8785F4D91059FF5B02 /* Debug */,
				6291DE2D7A7C9D8D70E83FFA /* Release */,
			);
			defaultConfigurationIsVisible = 0;
			defaultConfigurationName = Debug;
		};
		8628217B72EFF8001F883C91 /* Build configuration list for PBXNativeTarget "CallNotesUITests" */ = {
			isa = XCConfigurationList;
			buildConfigurations = (
				BA0542D1D19A9CC89EAE6D3C /* Debug */,
				302F68B80333397318073345 /* Release */,
			);
			defaultConfigurationIsVisible = 0;
			defaultConfigurationName = Debug;
		};
		AF4610FF1A64216681AD36BD /* Build configuration list for PBXNativeTarget "CallNotes" */ = {
			isa = XCConfigurationList;
			buildConfigurations = (
				FBDD3BAF148B6E2D4B5EC427 /* Debug */,
				ED4FF876750517B5CA662282 /* Release */,
			);
			defaultConfigurationIsVisible = 0;
			defaultConfigurationName = Debug;
		};
/* End XCConfigurationList section */
	};
	rootObject = 5D8711C1112256626215F587 /* Project object */;
}
